
Microsoft Visual Studio Solution File, Format Version 12.00
# Visual Studio Version 16
VisualStudioVersion = 16.0.29306.81
MinimumVisualStudioVersion = 10.0.40219.1
Project("{FAE04EC0-301F-11D3-BF4B-00C04F79EFBC}") = "USF4 Music Mod Tool", "USF4 Music Mod Tool\USF4 Music Mod Tool.csproj", "{39E9D310-0F98-475E-A9D9-6C42CA642E59}"
EndProject
Global
	GlobalSection(SolutionConfigurationPlatforms) = preSolution
		Debug|Any CPU = Debug|Any CPU
		Release|Any CPU = Release|Any CPU
	EndGlobalSection
	GlobalSection(ProjectConfigurationPlatforms) = postSolution
		{39E9D310-0F98-475E-A9D9-6C42CA642E59}.Debug|Any CPU.ActiveCfg = Debug|Any CPU
		{39E9D310-0F98-475E-A9D9-6C42CA642E59}.Debug|Any CPU.Build.0 = Debug|Any CPU
		{39E9D310-0F98-475E-A9D9-6C42CA642E59}.Release|Any CPU.ActiveCfg = Release|Any CPU
		{39E9D310-0F98-475E-A9D9-6C42CA642E59}.Release|Any CPU.Build.0 = Release|Any CPU
	EndGlobalSection
	GlobalSection(SolutionProperties) = preSolution
		HideSolutionNode = FALSE
	EndGlobalSection
	GlobalSection(ExtensibilityGlobals) = postSolution
		SolutionGuid = {0B80F862-DACB-4A41-A5A7-6A1C284F479F}
	EndGlobalSection
EndGlobal
